
Microsoft Visual Studio Solution File, Format Version 12.00
# Visual Studio Version 16
VisualStudioVersion = 16.0.30804.86
MinimumVisualStudioVersion = 10.0.40219.1
Project("{FAE04EC0-301F-11D3-BF4B-00C04F79EFBC}") = "TakeHomeAssignment", "TakeHomeAssignment\TakeHomeAssignment.csproj", "{CFB5E6A1-3F32-4BA2-B811-D7D58B798B82}"
EndProject
Global
	GlobalSection(SolutionConfigurationPlatforms) = preSolution
		Debug|Any CPU = Debug|Any CPU
		Release|Any CPU = Release|Any CPU
	EndGlobalSection
	GlobalSection(ProjectConfigurationPlatforms) = postSolution
		{CFB5E6A1-3F32-4BA2-B811-D7D58B798B82}.Debug|Any CPU.ActiveCfg = Debug|Any CPU
		{CFB5E6A1-3F32-4BA2-B811-D7D58B798B82}.Debug|Any CPU.Build.0 = Debug|Any CPU
		{CFB5E6A1-3F32-4BA2-B811-D7D58B798B82}.Release|Any CPU.ActiveCfg = Release|Any CPU
		{CFB5E6A1-3F32-4BA2-B811-D7D58B798B82}.Release|Any CPU.Build.0 = Release|Any CPU
	EndGlobalSection
	GlobalSection(SolutionProperties) = preSolution
		HideSolutionNode = FALSE
	EndGlobalSection
	GlobalSection(ExtensibilityGlobals) = postSolution
		SolutionGuid = {A2560D28-3913-4012-93E6-C4A6AF69B635}
	EndGlobalSection
EndGlobal
